
Microsoft Visual Studio Solution File, Format Version 12.00
# Visual Studio Version 17
VisualStudioVersion = 17.5.33530.505
MinimumVisualStudioVersion = 10.0.40219.1
Project("{FAE04EC0-301F-11D3-BF4B-00C04F79EFBC}") = "interview_backend", "interview_backend\interview_backend.csproj", "{FD233709-5E83-46FC-9846-CC1A76F152C3}"
EndProject
Global
	GlobalSection(SolutionConfigurationPlatforms) = preSolution
		Debug|Any CPU = Debug|Any CPU
		Release|Any CPU = Release|Any CPU
	EndGlobalSection
	GlobalSection(ProjectConfigurationPlatforms) = postSolution
		{FD233709-5E83-46FC-9846-CC1A76F152C3}.Debug|Any CPU.ActiveCfg = Debug|Any CPU
		{FD233709-5E83-46FC-9846-CC1A76F152C3}.Debug|Any CPU.Build.0 = Debug|Any CPU
		{FD233709-5E83-46FC-9846-CC1A76F152C3}.Release|Any CPU.ActiveCfg = Release|Any CPU
		{FD233709-5E83-46FC-9846-CC1A76F152C3}.Release|Any CPU.Build.0 = Release|Any CPU
	EndGlobalSection
	GlobalSection(SolutionProperties) = preSolution
		HideSolutionNode = FALSE
	EndGlobalSection
	GlobalSection(ExtensibilityGlobals) = postSolution
		SolutionGuid = {0E7D7DB2-6958-431C-AC87-280A9363D313}
	EndGlobalSection
EndGlobal
